// !$*UTF8*$!
{
	archiveVersion = 1;
	classes = {
	};
	objectVersion = 55;
	objects = {

/* Begin PBXBuildFile section */
		D04DDC90288AA513000A27A0 /* TamagotchiCellManager.swift in Sources */ = {isa = PBXBuildFile; fileRef = D04DDC8F288AA513000A27A0 /* TamagotchiCellManager.swift */; };
		D04DDC92288AAFB5000A27A0 /* PopUp.storyboard in Resources */ = {isa = PBXBuildFile; fileRef = D04DDC91288AAFB5000A27A0 /* PopUp.storyboard */; };
		D04DDC94288AAFC4000A27A0 /* PopUpViewController.swift in Sources */ = {isa = PBXBuildFile; fileRef = D04DDC93288AAFC4000A27A0 /* PopUpViewController.swift */; };
		D04DDC97288AB71F000A27A0 /* UIView+Extension.swift in Sources */ = {isa = PBXBuildFile; fileRef = D04DDC96288AB71F000A27A0 /* UIView+Extension.swift */; };
		D04DDC9A288AC186000A27A0 /* Toast in Frameworks */ = {isa = PBXBuildFile; productRef = D04DDC99288AC186000A27A0 /* Toast */; };
		D04DDC9C288AC739000A27A0 /* Main.storyboard in Resources */ = {isa = PBXBuildFile; fileRef = D04DDC9B288AC739000A27A0 /* Main.storyboard */; };
		D04DDC9E288ACB9C000A27A0 /* UserDefaultManager.swift in Sources */ = {isa = PBXBuildFile; fileRef = D04DDC9D288ACB9C000A27A0 /* UserDefaultManager.swift */; };
		D082FF51288AECCA00BE065D /* MainViewController.swift in Sources */ = {isa = PBXBuildFile; fileRef = D082FF50288AECCA00BE065D /* MainViewController.swift */; };
		D082FF53288AF2DA00BE065D /* UIViewController+Extension.swift in Sources */ = {isa = PBXBuildFile; fileRef = D082FF52288AF2DA00BE065D /* UIViewController+Extension.swift */; };
		D0F37051288A6E0E00E01182 /* AppDelegate.swift in Sources */ = {isa = PBXBuildFile; fileRef = D0F37050288A6E0E00E01182 /* AppDelegate.swift */; };
		D0F37053288A6E0E00E01182 /* SceneDelegate.swift in Sources */ = {isa = PBXBuildFile; fileRef = D0F37052288A6E0E00E01182 /* SceneDelegate.swift */; };
		D0F37058288A6E0E00E01182 /* Selection.storyboard in Resources */ = {isa = PBXBuildFile; fileRef = D0F37056288A6E0E00E01182 /* Selection.storyboard */; };
		D0F3705A288A6E0F00E01182 /* Assets.xcassets in Resources */ = {isa = PBXBuildFile; fileRef = D0F37059288A6E0F00E01182 /* Assets.xcassets */; };
		D0F3705D288A6E0F00E01182 /* LaunchScreen.storyboard in Resources */ = {isa = PBXBuildFile; fileRef = D0F3705B288A6E0F00E01182 /* LaunchScreen.storyboard */; };
		D0F37067288A702500E01182 /* UILabel+Extension.swift in Sources */ = {isa = PBXBuildFile; fileRef = D0F37066288A702500E01182 /* UILabel+Extension.swift */; };
		D0F3706D288A81F200E01182 /* TamagotchiDataManager.swift in Sources */ = {isa = PBXBuildFile; fileRef = D0F3706C288A81F200E01182 /* TamagotchiDataManager.swift */; };
		D0F3706F288A876D00E01182 /* UIColor+Extension.swift in Sources */ = {isa = PBXBuildFile; fileRef = D0F3706E288A876D00E01182 /* UIColor+Extension.swift */; };
		D0F37072288A8F3800E01182 /* SelectTamagotchiCollectionViewController.swift in Sources */ = {isa = PBXBuildFile; fileRef = D0F37071288A8F3800E01182 /* SelectTamagotchiCollectionViewController.swift */; };
		D0F37074288A901600E01182 /* SelectTamagotchiCollectionViewCell.swift in Sources */ = {isa = PBXBuildFile; fileRef = D0F37073288A901600E01182 /* SelectTamagotchiCollectionViewCell.swift */; };
/* End PBXBuildFile section */

/* Begin PBXFileReference section */
		D04DDC8F288AA513000A27A0 /* TamagotchiCellManager.swift */ = {isa = PBXFileReference; lastKnownFileType = sourcecode.swift; path = TamagotchiCellManager.swift; sourceTree = "<group>"; };
		D04DDC91288AAFB5000A27A0 /* PopUp.storyboard */ = {isa = PBXFileReference; lastKnownFileType = file.storyboard; path = PopUp.storyboard; sourceTree = "<group>"; };
		D04DDC93288AAFC4000A27A0 /* PopUpViewController.swift */ = {isa = PBXFileReference; lastKnownFileType = sourcecode.swift; path = PopUpViewController.swift; sourceTree = "<group>"; };
		D04DDC96288AB71F000A27A0 /* UIView+Extension.swift */ = {isa = PBXFileReference; lastKnownFileType = sourcecode.swift; path = "UIView+Extension.swift"; sourceTree = "<group>"; };
		D04DDC9B288AC739000A27A0 /* Main.storyboard */ = {isa = PBXFileReference; lastKnownFileType = file.storyboard; path = Main.storyboard; sourceTree = "<group>"; };
		D04DDC9D288ACB9C000A27A0 /* UserDefaultManager.swift */ = {isa = PBXFileReference; lastKnownFileType = sourcecode.swift; path = UserDefaultManager.swift; sourceTree = "<group>"; };
		D082FF50288AECCA00BE065D /* MainViewController.swift */ = {isa = PBXFileReference; lastKnownFileType = sourcecode.swift; path = MainViewController.swift; sourceTree = "<group>"; };
		D082FF52288AF2DA00BE065D /* UIViewController+Extension.swift */ = {isa = PBXFileReference; lastKnownFileType = sourcecode.swift; path = "UIViewController+Extension.swift"; sourceTree = "<group>"; };
		D0F3704D288A6E0E00E01182 /* SeSacTamagotchi.app */ = {isa = PBXFileReference; explicitFileType = wrapper.application; includeInIndex = 0; path = SeSacTamagotchi.app; sourceTree = BUILT_PRODUCTS_DIR; };
		D0F37050288A6E0E00E01182 /* AppDelegate.swift */ = {isa = PBXFileReference; lastKnownFileType = sourcecode.swift; path = AppDelegate.swift; sourceTree = "<group>"; };
		D0F37052288A6E0E00E01182 /* SceneDelegate.swift */ = {isa = PBXFileReference; lastKnownFileType = sourcecode.swift; path = SceneDelegate.swift; sourceTree = "<group>"; };
		D0F37057288A6E0E00E01182 /* Base */ = {isa = PBXFileReference; lastKnownFileType = file.storyboard; name = Base; path = Base.lproj/Selection.storyboard; sourceTree = "<group>"; };
		D0F37059288A6E0F00E01182 /* Assets.xcassets */ = {isa = PBXFileReference; lastKnownFileType = folder.assetcatalog; path = Assets.xcassets; sourceTree = "<group>"; };
		D0F3705C288A6E0F00E01182 /* Base */ = {isa = PBXFileReference; lastKnownFileType = file.storyboard; name = Base; path = Base.lproj/LaunchScreen.storyboard; sourceTree = "<group>"; };
		D0F3705E288A6E0F00E01182 /* Info.plist */ = {isa = PBXFileReference; lastKnownFileType = text.plist.xml; path = Info.plist; sourceTree = "<group>"; };
		D0F37066288A702500E01182 /* UILabel+Extension.swift */ = {isa = PBXFileReference; lastKnownFileType = sourcecode.swift; path = "UILabel+Extension.swift"; sourceTree = "<group>"; };
		D0F3706C288A81F200E01182 /* TamagotchiDataManager.swift */ = {isa = PBXFileReference; lastKnownFileType = sourcecode.swift; path = TamagotchiDataManager.swift; sourceTree = "<group>"; };
		D0F3706E288A876D00E01182 /* UIColor+Extension.swift */ = {isa = PBXFileReference; lastKnownFileType = sourcecode.swift; path = "UIColor+Extension.swift"; sourceTree = "<group>"; };
		D0F37071288A8F3800E01182 /* SelectTamagotchiCollectionViewController.swift */ = {isa = PBXFileReference; lastKnownFileType = sourcecode.swift; path = SelectTamagotchiCollectionViewController.swift; sourceTree = "<group>"; };
		D0F37073288A901600E01182 /* SelectTamagotchiCollectionViewCell.swift */ = {isa = PBXFileReference; lastKnownFileType = sourcecode.swift; path = SelectTamagotchiCollectionViewCell.swift; sourceTree = "<group>"; };
/* End PBXFileReference section */

/* Begin PBXFrameworksBuildPhase section */
		D0F3704A288A6E0E00E01182 /* Frameworks */ = {
			isa = PBXFrameworksBuildPhase;
			buildActionMask = 2147483647;
			files = (
				D04DDC9A288AC186000A27A0 /* Toast in Frameworks */,
			);
			runOnlyForDeploymentPostprocessing = 0;
		};
/* End PBXFrameworksBuildPhase section */

/* Begin PBXGroup section */
		D04DDC95288AAFC7000A27A0 /* PopUp */ = {
			isa = PBXGroup;
			children = (
				D04DDC91288AAFB5000A27A0 /* PopUp.storyboard */,
				D04DDC93288AAFC4000A27A0 /* PopUpViewController.swift */,
			);
			path = PopUp;
			sourceTree = "<group>";
		};
		D082FF4F288AEB1500BE065D /* Main */ = {
			isa = PBXGroup;
			children = (
				D04DDC9B288AC739000A27A0 /* Main.storyboard */,
				D082FF50288AECCA00BE065D /* MainViewController.swift */,
			);
			path = Main;
			sourceTree = "<group>";
		};
		D0F37044288A6E0E00E01182 = {
			isa = PBXGroup;
			children = (
				D0F3704F288A6E0E00E01182 /* SeSacTamagotchi */,
				D0F3704E288A6E0E00E01182 /* Products */,
			);
			sourceTree = "<group>";
		};
		D0F3704E288A6E0E00E01182 /* Products */ = {
			isa = PBXGroup;
			children = (
				D0F3704D288A6E0E00E01182 /* SeSacTamagotchi.app */,
			);
			name = Products;
			sourceTree = "<group>";
		};
		D0F3704F288A6E0E00E01182 /* SeSacTamagotchi */ = {
			isa = PBXGroup;
			children = (
				D0F3706B288A723000E01182 /* LifeCycle */,
				D0F37075288A902500E01182 /* TamagotchiCollectionView */,
				D04DDC95288AAFC7000A27A0 /* PopUp */,
				D082FF4F288AEB1500BE065D /* Main */,
				D0F37070288A8DD400E01182 /* Model-Manager */,
				D0F3706A288A722B00E01182 /* Extension */,
				D0F3705B288A6E0F00E01182 /* LaunchScreen.storyboard */,
				D0F37059288A6E0F00E01182 /* Assets.xcassets */,
				D0F3705E288A6E0F00E01182 /* Info.plist */,
			);
			path = SeSacTamagotchi;
			sourceTree = "<group>";
		};
		D0F3706A288A722B00E01182 /* Extension */ = {
			isa = PBXGroup;
			children = (
				D0F37066288A702500E01182 /* UILabel+Extension.swift */,
				D0F3706E288A876D00E01182 /* UIColor+Extension.swift */,
				D04DDC96288AB71F000A27A0 /* UIView+Extension.swift */,
				D082FF52288AF2DA00BE065D /* UIViewController+Extension.swift */,
			);
			path = Extension;
			sourceTree = "<group>";
		};
		D0F3706B288A723000E01182 /* LifeCycle */ = {
			isa = PBXGroup;
			children = (
				D0F37050288A6E0E00E01182 /* AppDelegate.swift */,
				D0F37052288A6E0E00E01182 /* SceneDelegate.swift */,
			);
			path = LifeCycle;
			sourceTree = "<group>";
		};
		D0F37070288A8DD400E01182 /* Model-Manager */ = {
			isa = PBXGroup;
			children = (
				D04DDC8F288AA513000A27A0 /* TamagotchiCellManager.swift */,
				D0F3706C288A81F200E01182 /* TamagotchiDataManager.swift */,
				D04DDC9D288ACB9C000A27A0 /* UserDefaultManager.swift */,
			);
			path = "Model-Manager";
			sourceTree = "<group>";
		};
		D0F37075288A902500E01182 /* TamagotchiCollectionView */ = {
			isa = PBXGroup;
			children = (
				D0F37071288A8F3800E01182 /* SelectTamagotchiCollectionViewController.swift */,
				D0F37073288A901600E01182 /* SelectTamagotchiCollectionViewCell.swift */,
				D0F37056288A6E0E00E01182 /* Selection.storyboard */,
			);
			path = TamagotchiCollectionView;
			sourceTree = "<group>";
		};
/* End PBXGroup section */

/* Begin PBXNativeTarget section */
		D0F3704C288A6E0E00E01182 /* SeSacTamagotchi */ = {
			isa = PBXNativeTarget;
			buildConfigurationList = D0F37061288A6E0F00E01182 /* Build configuration list for PBXNativeTarget "SeSacTamagotchi" */;
			buildPhases = (
				D0F37049288A6E0E00E01182 /* Sources */,
				D0F3704A288A6E0E00E01182 /* Frameworks */,
				D0F3704B288A6E0E00E01182 /* Resources */,
			);
			buildRules = (
			);
			dependencies = (
			);
			name = SeSacTamagotchi;
			packageProductDependencies = (
				D04DDC99288AC186000A27A0 /* Toast */,
			);
			productName = SeSacTamagotchi;
			productReference = D0F3704D288A6E0E00E01182 /* SeSacTamagotchi.app */;
			productType = "com.apple.product-type.application";
		};
/* End PBXNativeTarget section */

/* Begin PBXProject section */
		D0F37045288A6E0E00E01182 /* Project object */ = {
			isa = PBXProject;
			attributes = {
				BuildIndependentTargetsInParallel = 1;
				LastSwiftUpdateCheck = 1340;
				LastUpgradeCheck = 1340;
				TargetAttributes = {
					D0F3704C288A6E0E00E01182 = {
						CreatedOnToolsVersion = 13.4.1;
					};
				};
			};
			buildConfigurationList = D0F37048288A6E0E00E01182 /* Build configuration list for PBXProject "SeSacTamagotchi" */;
			compatibilityVersion = "Xcode 13.0";
			developmentRegion = en;
			hasScannedForEncodings = 0;
			knownRegions = (
				en,
				Base,
			);
			mainGroup = D0F37044288A6E0E00E01182;
			packageReferences = (
				D04DDC98288AC186000A27A0 /* XCRemoteSwiftPackageReference "Toast-Swift" */,
			);
			productRefGroup = D0F3704E288A6E0E00E01182 /* Products */;
			projectDirPath = "";
			projectRoot = "";
			targets = (
				D0F3704C288A6E0E00E01182 /* SeSacTamagotchi */,
			);
		};
/* End PBXProject section */

/* Begin PBXResourcesBuildPhase section */
		D0F3704B288A6E0E00E01182 /* Resources */ = {
			isa = PBXResourcesBuildPhase;
			buildActionMask = 2147483647;
			files = (
				D0F3705D288A6E0F00E01182 /* LaunchScreen.storyboard in Resources */,
				D04DDC9C288AC739000A27A0 /* Main.storyboard in Resources */,
				D0F3705A288A6E0F00E01182 /* Assets.xcassets in Resources */,
				D0F37058288A6E0E00E01182 /* Selection.storyboard in Resources */,
				D04DDC92288AAFB5000A27A0 /* PopUp.storyboard in Resources */,
			);
			runOnlyForDeploymentPostprocessing = 0;
		};
/* End PBXResourcesBuildPhase section */

/* Begin PBXSourcesBuildPhase section */
		D0F37049288A6E0E00E01182 /* Sources */ = {
			isa = PBXSourcesBuildPhase;
			buildActionMask = 2147483647;
			files = (
				D0F3706F288A876D00E01182 /* UIColor+Extension.swift in Sources */,
				D082FF53288AF2DA00BE065D /* UIViewController+Extension.swift in Sources */,
				D0F37067288A702500E01182 /* UILabel+Extension.swift in Sources */,
				D04DDC90288AA513000A27A0 /* TamagotchiCellManager.swift in Sources */,
				D082FF51288AECCA00BE065D /* MainViewController.swift in Sources */,
				D0F37072288A8F3800E01182 /* SelectTamagotchiCollectionViewController.swift in Sources */,
				D0F37074288A901600E01182 /* SelectTamagotchiCollectionViewCell.swift in Sources */,
				D0F3706D288A81F200E01182 /* TamagotchiDataManager.swift in Sources */,
				D0F37051288A6E0E00E01182 /* AppDelegate.swift in Sources */,
				D04DDC9E288ACB9C000A27A0 /* UserDefaultManager.swift in Sources */,
				D04DDC94288AAFC4000A27A0 /* PopUpViewController.swift in Sources */,
				D04DDC97288AB71F000A27A0 /* UIView+Extension.swift in Sources */,
				D0F37053288A6E0E00E01182 /* SceneDelegate.swift in Sources */,
			);
			runOnlyForDeploymentPostprocessing = 0;
		};
/* End PBXSourcesBuildPhase section */

/* Begin PBXVariantGroup section */
		D0F37056288A6E0E00E01182 /* Selection.storyboard */ = {
			isa = PBXVariantGroup;
			children = (
				D0F37057288A6E0E00E01182 /* Base */,
			);
			name = Selection.storyboard;
			sourceTree = "<group>";
		};
		D0F3705B288A6E0F00E01182 /* LaunchScreen.storyboard */ = {
			isa = PBXVariantGroup;
			children = (
				D0F3705C288A6E0F00E01182 /* Base */,
			);
			name = LaunchScreen.storyboard;
			sourceTree = "<group>";
		};
/* End PBXVariantGroup section */

/* Begin XCBuildConfiguration section */
		D0F3705F288A6E0F00E01182 /* Debug */ = {
			isa = XCBuildConfiguration;
			buildSettings = {
				ALWAYS_SEARCH_USER_PATHS = NO;
				CLANG_ANALYZER_NONNULL = YES;
				CLANG_ANALYZER_NUMBER_OBJECT_CONVERSION = YES_AGGRESSIVE;
				CLANG_CXX_LANGUAGE_STANDARD = "gnu++17";
				CLANG_ENABLE_MODULES = YES;
				CLANG_ENABLE_OBJC_ARC = YES;
				CLANG_ENABLE_OBJC_WEAK = YES;
				CLANG_WARN_BLOCK_CAPTURE_AUTORELEASING = YES;
				CLANG_WARN_BOOL_CONVERSION = YES;
				CLANG_WARN_COMMA = YES;
				CLANG_WARN_CONSTANT_CONVERSION = YES;
				CLANG_WARN_DEPRECATED_OBJC_IMPLEMENTATIONS = YES;
				CLANG_WARN_DIRECT_OBJC_ISA_USAGE = YES_ERROR;
				CLANG_WARN_DOCUMENTATION_COMMENTS = YES;
				CLANG_WARN_EMPTY_BODY = YES;
				CLANG_WARN_ENUM_CONVERSION = YES;
				CLANG_WARN_INFINITE_RECURSION = YES;
				CLANG_WARN_INT_CONVERSION = YES;
				CLANG_WARN_NON_LITERAL_NULL_CONVERSION = YES;
				CLANG_WARN_OBJC_IMPLICIT_RETAIN_SELF = YES;
				CLANG_WARN_OBJC_LITERAL_CONVERSION = YES;
				CLANG_WARN_OBJC_ROOT_CLASS = YES_ERROR;
				CLANG_WARN_QUOTED_INCLUDE_IN_FRAMEWORK_HEADER = YES;
				CLANG_WARN_RANGE_LOOP_ANALYSIS = YES;
				CLANG_WARN_STRICT_PROTOTYPES = YES;
				CLANG_WARN_SUSPICIOUS_MOVE = YES;
				CLANG_WARN_UNGUARDED_AVAILABILITY = YES_AGGRESSIVE;
				CLANG_WARN_UNREACHABLE_CODE = YES;
				CLANG_WARN__DUPLICATE_METHOD_MATCH = YES;
				COPY_PHASE_STRIP = NO;
				DEBUG_INFORMATION_FORMAT = dwarf;
				ENABLE_STRICT_OBJC_MSGSEND = YES;
				ENABLE_TESTABILITY = YES;
				GCC_C_LANGUAGE_STANDARD = gnu11;
				GCC_DYNAMIC_NO_PIC = NO;
				GCC_NO_COMMON_BLOCKS = YES;
				GCC_OPTIMIZATION_LEVEL = 0;
				GCC_PREPROCESSOR_DEFINITIONS = (
					"DEBUG=1",
					"$(inherited)",
				);
				GCC_WARN_64_TO_32_BIT_CONVERSION = YES;
				GCC_WARN_ABOUT_RETURN_TYPE = YES_ERROR;
				GCC_WARN_UNDECLARED_SELECTOR = YES;
				GCC_WARN_UNINITIALIZED_AUTOS = YES_AGGRESSIVE;
				GCC_WARN_UNUSED_FUNCTION = YES;
				GCC_WARN_UNUSED_VARIABLE = YES;
				IPHONEOS_DEPLOYMENT_TARGET = 15.5;
				MTL_ENABLE_DEBUG_INFO = INCLUDE_SOURCE;
				MTL_FAST_MATH = YES;
				ONLY_ACTIVE_ARCH = YES;
				SDKROOT = iphoneos;
				SWIFT_ACTIVE_COMPILATION_CONDITIONS = DEBUG;
				SWIFT_OPTIMIZATION_LEVEL = "-Onone";
			};
			name = Debug;
		};
		D0F37060288A6E0F00E01182 /* Release */ = {
			isa = XCBuildConfiguration;
			buildSettings = {
				ALWAYS_SEARCH_USER_PATHS = NO;
				CLANG_ANALYZER_NONNULL = YES;
				CLANG_ANALYZER_NUMBER_OBJECT_CONVERSION = YES_AGGRESSIVE;
				CLANG_CXX_LANGUAGE_STANDARD = "gnu++17";
				CLANG_ENABLE_MODULES = YES;
				CLANG_ENABLE_OBJC_ARC = YES;
				CLANG_ENABLE_OBJC_WEAK = YES;
				CLANG_WARN_BLOCK_CAPTURE_AUTORELEASING = YES;
				CLANG_WARN_BOOL_CONVERSION = YES;
				CLANG_WARN_COMMA = YES;
				CLANG_WARN_CONSTANT_CONVERSION = YES;
				CLANG_WARN_DEPRECATED_OBJC_IMPLEMENTATIONS = YES;
				CLANG_WARN_DIRECT_OBJC_ISA_USAGE = YES_ERROR;
				CLANG_WARN_DOCUMENTATION_COMMENTS = YES;
				CLANG_WARN_EMPTY_BODY = YES;
				CLANG_WARN_ENUM_CONVERSION = YES;
				CLANG_WARN_INFINITE_RECURSION = YES;
				CLANG_WARN_INT_CONVERSION = YES;
				CLANG_WARN_NON_LITERAL_NULL_CONVERSION = YES;
				CLANG_WARN_OBJC_IMPLICIT_RETAIN_SELF = YES;
				CLANG_WARN_OBJC_LITERAL_CONVERSION = YES;
				CLANG_WARN_OBJC_ROOT_CLASS = YES_ERROR;
				CLANG_WARN_QUOTED_INCLUDE_IN_FRAMEWORK_HEADER = YES;
				CLANG_WARN_RANGE_LOOP_ANALYSIS = YES;
				CLANG_WARN_STRICT_PROTOTYPES = YES;
				CLANG_WARN_SUSPICIOUS_MOVE = YES;
				CLANG_WARN_UNGUARDED_AVAILABILITY = YES_AGGRESSIVE;
				CLANG_WARN_UNREACHABLE_CODE = YES;
				CLANG_WARN__DUPLICATE_METHOD_MATCH = YES;
				COPY_PHASE_STRIP = NO;
				DEBUG_INFORMATION_FORMAT = "dwarf-with-dsym";
				ENABLE_NS_ASSERTIONS = NO;
				ENABLE_STRICT_OBJC_MSGSEND = YES;
				GCC_C_LANGUAGE_STANDARD = gnu11;
				GCC_NO_COMMON_BLOCKS = YES;
				GCC_WARN_64_TO_32_BIT_CONVERSION = YES;
				GCC_WARN_ABOUT_RETURN_TYPE = YES_ERROR;
				GCC_WARN_UNDECLARED_SELECTOR = YES;
				GCC_WARN_UNINITIALIZED_AUTOS = YES_AGGRESSIVE;
				GCC_WARN_UNUSED_FUNCTION = YES;
				GCC_WARN_UNUSED_VARIABLE = YES;
				IPHONEOS_DEPLOYMENT_TARGET = 15.5;
				MTL_ENABLE_DEBUG_INFO = NO;
				MTL_FAST_MATH = YES;
				SDKROOT = iphoneos;
				SWIFT_COMPILATION_MODE = wholemodule;
				SWIFT_OPTIMIZATION_LEVEL = "-O";
				VALIDATE_PRODUCT = YES;
			};
			name = Release;
		};
		D0F37062288A6E0F00E01182 /* Debug */ = {
			isa = XCBuildConfiguration;
			buildSettings = {
				ASSETCATALOG_COMPILER_APPICON_NAME = AppIcon;
				ASSETCATALOG_COMPILER_GLOBAL_ACCENT_COLOR_NAME = AccentColor;
				CODE_SIGN_STYLE = Automatic;
				CURRENT_PROJECT_VERSION = 1;
				DEVELOPMENT_TEAM = PW2RLJT734;
				GENERATE_INFOPLIST_FILE = YES;
				INFOPLIST_FILE = SeSacTamagotchi/Info.plist;
				INFOPLIST_KEY_UIApplicationSupportsIndirectInputEvents = YES;
				INFOPLIST_KEY_UILaunchStoryboardName = LaunchScreen;
				INFOPLIST_KEY_UIMainStoryboardFile = Selection;
				INFOPLIST_KEY_UISupportedInterfaceOrientations = UIInterfaceOrientationPortrait;
				INFOPLIST_KEY_UISupportedInterfaceOrientations_iPad = "UIInterfaceOrientationPortrait UIInterfaceOrientationPortraitUpsideDown UIInterfaceOrientationLandscapeLeft UIInterfaceOrientationLandscapeRight";
				INFOPLIST_KEY_UISupportedInterfaceOrientations_iPhone = UIInterfaceOrientationPortrait;
				IPHONEOS_DEPLOYMENT_TARGET = 15.0;
				LD_RUNPATH_SEARCH_PATHS = (
					"$(inherited)",
					"@executable_path/Frameworks",
				);
				MARKETING_VERSION = 1.0;
				PRODUCT_BUNDLE_IDENTIFIER = com.DongHee.SeSacTamagotchi;
				PRODUCT_NAME = "$(TARGET_NAME)";
				SWIFT_EMIT_LOC_STRINGS = YES;
				SWIFT_VERSION = 5.0;
				TARGETED_DEVICE_FAMILY = 1;
			};
			name = Debug;
		};
		D0F37063288A6E0F00E01182 /* Release */ = {
			isa = XCBuildConfiguration;
			buildSettings = {
				ASSETCATALOG_COMPILER_APPICON_NAME = AppIcon;
				ASSETCATALOG_COMPILER_GLOBAL_ACCENT_COLOR_NAME = AccentColor;
				CODE_SIGN_STYLE = Automatic;
				CURRENT_PROJECT_VERSION = 1;
				DEVELOPMENT_TEAM = PW2RLJT734;
				GENERATE_INFOPLIST_FILE = YES;
				INFOPLIST_FILE = SeSacTamagotchi/Info.plist;
				INFOPLIST_KEY_UIApplicationSupportsIndirectInputEvents = YES;
				INFOPLIST_KEY_UILaunchStoryboardName = LaunchScreen;
				INFOPLIST_KEY_UIMainStoryboardFile = Selection;
				INFOPLIST_KEY_UISupportedInterfaceOrientations = UIInterfaceOrientationPortrait;
				INFOPLIST_KEY_UISupportedInterfaceOrientations_iPad = "UIInterfaceOrientationPortrait UIInterfaceOrientationPortraitUpsideDown UIInterfaceOrientationLandscapeLeft UIInterfaceOrientationLandscapeRight";
				INFOPLIST_KEY_UISupportedInterfaceOrientations_iPhone = UIInterfaceOrientationPortrait;
				IPHONEOS_DEPLOYMENT_TARGET = 15.0;
				LD_RUNPATH_SEARCH_PATHS = (
					"$(inherited)",
					"@executable_path/Frameworks",
				);
				MARKETING_VERSION = 1.0;
				PRODUCT_BUNDLE_IDENTIFIER = com.DongHee.SeSacTamagotchi;
				PRODUCT_NAME = "$(TARGET_NAME)";
				SWIFT_EMIT_LOC_STRINGS = YES;
				SWIFT_VERSION = 5.0;
				TARGETED_DEVICE_FAMILY = 1;
			};
			name = Release;
		};
/* End XCBuildConfiguration section */

/* Begin XCConfigurationList section */
		D0F37048288A6E0E00E01182 /* Build configuration list for PBXProject "SeSacTamagotchi" */ = {
			isa = XCConfigurationList;
			buildConfigurations = (
				D0F3705F288A6E0F00E01182 /* Debug */,
				D0F37060288A6E0F00E01182 /* Release */,
			);
			defaultConfigurationIsVisible = 0;
			defaultConfigurationName = Release;
		};
		D0F37061288A6E0F00E01182 /* Build configuration list for PBXNativeTarget "SeSacTamagotchi" */ = {
			isa = XCConfigurationList;
			buildConfigurations = (
				D0F37062288A6E0F00E01182 /* Debug */,
				D0F37063288A6E0F00E01182 /* Release */,
			);
			defaultConfigurationIsVisible = 0;
			defaultConfigurationName = Release;
		};
/* End XCConfigurationList section */

/* Begin XCRemoteSwiftPackageReference section */
		D04DDC98288AC186000A27A0 /* XCRemoteSwiftPackageReference "Toast-Swift" */ = {
			isa = XCRemoteSwiftPackageReference;
			repositoryURL = "https://github.com/scalessec/Toast-Swift.git";
			requirement = {
				kind = upToNextMajorVersion;
				minimumVersion = 5.0.0;
			};
		};
/* End XCRemoteSwiftPackageReference section */

/* Begin XCSwiftPackageProductDependency section */
		D04DDC99288AC186000A27A0 /* Toast */ = {
			isa = XCSwiftPackageProductDependency;
			package = D04DDC98288AC186000A27A0 /* XCRemoteSwiftPackageReference "Toast-Swift" */;
			productName = Toast;
		};
/* End XCSwiftPackageProductDependency section */
	};
	rootObject = D0F37045288A6E0E00E01182 /* Project object */;
}
